// !$*UTF8*$!
{
	archiveVersion = 1;
	classes = {
	};
	objectVersion = 77;
	objects = {

/* Begin PBXBuildFile section */
		11BA8ADB2F9ADF14005953F0 /* Algorithms in Frameworks */ = {isa = PBXBuildFile; productRef = 11BA8ADA2F9ADF14005953F0 /* Algorithms */; };
/* End PBXBuildFile section */

/* Begin PBXContainerItemProxy section */
		119DC1E22F634D4400427E75 /* PBXContainerItemProxy */ = {
			isa = PBXContainerItemProxy;
			containerPortal = 119DC1CC2F634D4200427E75 /* Project object */;
			proxyType = 1;
			remoteGlobalIDString = 119DC1D32F634D4200427E75;
			remoteInfo = "Step Tracker";
		};
		119DC1EC2F634D4400427E75 /* PBXContainerItemProxy */ = {
			isa = PBXContainerItemProxy;
			containerPortal = 119DC1CC2F634D4200427E75 /* Project object */;
			proxyType = 1;
			remoteGlobalIDString = 119DC1D32F634D4200427E75;
			remoteInfo = "Step Tracker";
		};
/* End PBXContainerItemProxy section */

/* Begin PBXFileReference section */
		119DC1D42F634D4200427E75 /* Step Tracker.app */ = {isa = PBXFileReference; explicitFileType = wrapper.application; includeInIndex = 0; path = "Step Tracker.app"; sourceTree = BUILT_PRODUCTS_DIR; };
		119DC1E12F634D4400427E75 /* Step TrackerTests.xctest */ = {isa = PBXFileReference; explicitFileType = wrapper.cfbundle; includeInIndex = 0; path = "Step TrackerTests.xctest"; sourceTree = BUILT_PRODUCTS_DIR; };
		119DC1EB2F634D4400427E75 /* Step TrackerUITests.xctest */ = {isa = PBXFileReference; explicitFileType = wrapper.cfbundle; includeInIndex = 0; path = "Step TrackerUITests.xctest"; sourceTree = BUILT_PRODUCTS_DIR; };
/* End PBXFileReference section */

/* Begin PBXFileSystemSynchronizedBuildFileExceptionSet section */
		11BA8AC02F995C15005953F0 /* Exceptions for "Step Tracker" folder in "Step Tracker" target */ = {
			isa = PBXFileSystemSynchronizedBuildFileExceptionSet;
			membershipExceptions = (
				Assets.xcassets,
				Charts/ChartAnnotationView.swift,
				Charts/ChartContainer.swift,
				Charts/ChartDataTypes.swift,
				Charts/ChartEmptyView.swift,
				Charts/ChartHelper.swift,
				Charts/ChartMath.swift,
				Charts/StepBarChart.swift,
				Charts/StepPieChart.swift,
				Charts/WeightDiffBarChart.swift,
				Charts/WeightLineChart.swift,
				Managers/HealthKitManager.swift,
				Model/HealthMetric.swift,
				Screens/DashboardView.swift,
				Screens/HealthDataListView.swift,
				Screens/HealthKitPermissionPrimingView.swift,
				Step_TrackerApp.swift,
				"Utilities/Extensions/Array+Ext.swift",
				"Utilities/Extensions/Date+Ext.swift",
				Utilities/MockData.swift,
				Utilities/STError.swift,
			);
			target = 119DC1D32F634D4200427E75 /* Step Tracker */;
		};
		11BA8AC12F995C15005953F0 /* Exceptions for "Step Tracker" folder in "Step TrackerUITests" target */ = {
			isa = PBXFileSystemSynchronizedBuildFileExceptionSet;
			membershipExceptions = (
				Assets.xcassets,
				Charts/ChartAnnotationView.swift,
				Charts/ChartContainer.swift,
				Charts/ChartDataTypes.swift,
				Charts/ChartEmptyView.swift,
				Charts/ChartHelper.swift,
				Charts/ChartMath.swift,
				Charts/StepBarChart.swift,
				Charts/StepPieChart.swift,
				Charts/WeightDiffBarChart.swift,
				Charts/WeightLineChart.swift,
				Managers/HealthKitManager.swift,
				Model/HealthMetric.swift,
				Screens/DashboardView.swift,
				Screens/HealthDataListView.swift,
				Screens/HealthKitPermissionPrimingView.swift,
				"Step TrackerTests/Step_TrackerTests.swift",
				Step_TrackerApp.swift,
			);
			target = 119DC1EA2F634D4400427E75 /* Step TrackerUITests */;
		};
		11BA8ACE2F995D3F005953F0 /* Exceptions for "Step Tracker" folder in "Step TrackerTests" target */ = {
			isa = PBXFileSystemSynchronizedBuildFileExceptionSet;
			membershipExceptions = (
				"Step TrackerTests/Step_TrackerTests.swift",
			);
			target = 119DC1E02F634D4400427E75 /* Step TrackerTests */;
		};
/* End PBXFileSystemSynchronizedBuildFileExceptionSet section */

/* Begin PBXFileSystemSynchronizedRootGroup section */
		11BA8AB32F995BDC005953F0 /* Step Tracker */ = {
			isa = PBXFileSystemSynchronizedRootGroup;
			exceptions = (
				11BA8AC02F995C15005953F0 /* Exceptions for "Step Tracker" folder in "Step Tracker" target */,
				11BA8ACE2F995D3F005953F0 /* Exceptions for "Step Tracker" folder in "Step TrackerTests" target */,
				11BA8AC12F995C15005953F0 /* Exceptions for "Step Tracker" folder in "Step TrackerUITests" target */,
			);
			path = "Step Tracker";
			sourceTree = "<group>";
		};
/* End PBXFileSystemSynchronizedRootGroup section */

/* Begin PBXFrameworksBuildPhase section */
		119DC1D12F634D4200427E75 /* Frameworks */ = {
			isa = PBXFrameworksBuildPhase;
			buildActionMask = 2147483647;
			files = (
				11BA8ADB2F9ADF14005953F0 /* Algorithms in Frameworks */,
			);
			runOnlyForDeploymentPostprocessing = 0;
		};
		119DC1DE2F634D4400427E75 /* Frameworks */ = {
			isa = PBXFrameworksBuildPhase;
			buildActionMask = 2147483647;
			files = (
			);
			runOnlyForDeploymentPostprocessing = 0;
		};
		119DC1E82F634D4400427E75 /* Frameworks */ = {
			isa = PBXFrameworksBuildPhase;
			buildActionMask = 2147483647;
			files = (
			);
			runOnlyForDeploymentPostprocessing = 0;
		};
/* End PBXFrameworksBuildPhase section */

/* Begin PBXGroup section */
		119DC1CB2F634D4200427E75 = {
			isa = PBXGroup;
			children = (
				11BA8AB32F995BDC005953F0 /* Step Tracker */,
				119DC1D52F634D4200427E75 /* Products */,
			);
			sourceTree = "<group>";
		};
		119DC1D52F634D4200427E75 /* Products */ = {
			isa = PBXGroup;
			children = (
				119DC1D42F634D4200427E75 /* Step Tracker.app */,
				119DC1E12F634D4400427E75 /* Step TrackerTests.xctest */,
				119DC1EB2F634D4400427E75 /* Step TrackerUITests.xctest */,
			);
			name = Products;
			sourceTree = "<group>";
		};
/* End PBXGroup section */

/* Begin PBXNativeTarget section */
		119DC1D32F634D4200427E75 /* Step Tracker */ = {
			isa = PBXNativeTarget;
			buildConfigurationList = 119DC1F52F634D4400427E75 /* Build configuration list for PBXNativeTarget "Step Tracker" */;
			buildPhases = (
				119DC1D02F634D4200427E75 /* Sources */,
				119DC1D12F634D4200427E75 /* Frameworks */,
				119DC1D22F634D4200427E75 /* Resources */,
			);
			buildRules = (
			);
			dependencies = (
			);
			name = "Step Tracker";
			packageProductDependencies = (
				11BA8ADA2F9ADF14005953F0 /* Algorithms */,
			);
			productName = "Step Tracker";
			productReference = 119DC1D42F634D4200427E75 /* Step Tracker.app */;
			productType = "com.apple.product-type.application";
		};
		119DC1E02F634D4400427E75 /* Step TrackerTests */ = {
			isa = PBXNativeTarget;
			buildConfigurationList = 119DC1F82F634D4400427E75 /* Build configuration list for PBXNativeTarget "Step TrackerTests" */;
			buildPhases = (
				119DC1DD2F634D4400427E75 /* Sources */,
				119DC1DE2F634D4400427E75 /* Frameworks */,
				119DC1DF2F634D4400427E75 /* Resources */,
			);
			buildRules = (
			);
			dependencies = (
				119DC1E32F634D4400427E75 /* PBXTargetDependency */,
			);
			name = "Step TrackerTests";
			packageProductDependencies = (
			);
			productName = "Step TrackerTests";
			productReference = 119DC1E12F634D4400427E75 /* Step TrackerTests.xctest */;
			productType = "com.apple.product-type.bundle.unit-test";
		};
		119DC1EA2F634D4400427E75 /* Step TrackerUITests */ = {
			isa = PBXNativeTarget;
			buildConfigurationList = 119DC1FB2F634D4400427E75 /* Build configuration list for PBXNativeTarget "Step TrackerUITests" */;
			buildPhases = (
				119DC1E72F634D4400427E75 /* Sources */,
				119DC1E82F634D4400427E75 /* Frameworks */,
				119DC1E92F634D4400427E75 /* Resources */,
			);
			buildRules = (
			);
			dependencies = (
				119DC1ED2F634D4400427E75 /* PBXTargetDependency */,
			);
			fileSystemSynchronizedGroups = (
				11BA8AB32F995BDC005953F0 /* Step Tracker */,
			);
			name = "Step TrackerUITests";
			packageProductDependencies = (
			);
			productName = "Step TrackerUITests";
			productReference = 119DC1EB2F634D4400427E75 /* Step TrackerUITests.xctest */;
			productType = "com.apple.product-type.bundle.ui-testing";
		};
/* End PBXNativeTarget section */

/* Begin PBXProject section */
		119DC1CC2F634D4200427E75 /* Project object */ = {
			isa = PBXProject;
			attributes = {
				BuildIndependentTargetsInParallel = 1;
				LastSwiftUpdateCheck = 2630;
				LastUpgradeCheck = 2630;
				TargetAttributes = {
					119DC1D32F634D4200427E75 = {
						CreatedOnToolsVersion = 26.3;
					};
					119DC1E02F634D4400427E75 = {
						CreatedOnToolsVersion = 26.3;
						TestTargetID = 119DC1D32F634D4200427E75;
					};
					119DC1EA2F634D4400427E75 = {
						CreatedOnToolsVersion = 26.3;
						TestTargetID = 119DC1D32F634D4200427E75;
					};
				};
			};
			buildConfigurationList = 119DC1CF2F634D4200427E75 /* Build configuration list for PBXProject "Step Tracker" */;
			developmentRegion = en;
			hasScannedForEncodings = 0;
			knownRegions = (
				en,
				Base,
			);
			mainGroup = 119DC1CB2F634D4200427E75;
			minimizedProjectReferenceProxies = 1;
			packageReferences = (
				11BA8AD92F9ADF14005953F0 /* XCRemoteSwiftPackageReference "swift-algorithms" */,
			);
			preferredProjectObjectVersion = 77;
			productRefGroup = 119DC1D52F634D4200427E75 /* Products */;
			projectDirPath = "";
			projectRoot = "";
			targets = (
				119DC1D32F634D4200427E75 /* Step Tracker */,
				119DC1E02F634D4400427E75 /* Step TrackerTests */,
				119DC1EA2F634D4400427E75 /* Step TrackerUITests */,
			);
		};
/* End PBXProject section */

/* Begin PBXResourcesBuildPhase section */
		119DC1D22F634D4200427E75 /* Resources */ = {
			isa = PBXResourcesBuildPhase;
			buildActionMask = 2147483647;
			files = (
			);
			runOnlyForDeploymentPostprocessing = 0;
		};
		119DC1DF2F634D4400427E75 /* Resources */ = {
			isa = PBXResourcesBuildPhase;
			buildActionMask = 2147483647;
			files = (
			);
			runOnlyForDeploymentPostprocessing = 0;
		};
		119DC1E92F634D4400427E75 /* Resources */ = {
			isa = PBXResourcesBuildPhase;
			buildActionMask = 2147483647;
			files = (
			);
			runOnlyForDeploymentPostprocessing = 0;
		};
/* End PBXResourcesBuildPhase section */

/* Begin PBXSourcesBuildPhase section */
		119DC1D02F634D4200427E75 /* Sources */ = {
			isa = PBXSourcesBuildPhase;
			buildActionMask = 2147483647;
			files = (
			);
			runOnlyForDeploymentPostprocessing = 0;
		};
		119DC1DD2F634D4400427E75 /* Sources */ = {
			isa = PBXSourcesBuildPhase;
			buildActionMask = 2147483647;
			files = (
			);
			runOnlyForDeploymentPostprocessing = 0;
		};
		119DC1E72F634D4400427E75 /* Sources */ = {
			isa = PBXSourcesBuildPhase;
			buildActionMask = 2147483647;
			files = (
			);
			runOnlyForDeploymentPostprocessing = 0;
		};
/* End PBXSourcesBuildPhase section */

/* Begin PBXTargetDependency section */
		119DC1E32F634D4400427E75 /* PBXTargetDependency */ = {
			isa = PBXTargetDependency;
			target = 119DC1D32F634D4200427E75 /* Step Tracker */;
			targetProxy = 119DC1E22F634D4400427E75 /* PBXContainerItemProxy */;
		};
		119DC1ED2F634D4400427E75 /* PBXTargetDependency */ = {
			isa = PBXTargetDependency;
			target = 119DC1D32F634D4200427E75 /* Step Tracker */;
			targetProxy = 119DC1EC2F634D4400427E75 /* PBXContainerItemProxy */;
		};
/* End PBXTargetDependency section */

/* Begin XCBuildConfiguration section */
		119DC1F32F634D4400427E75 /* Debug */ = {
			isa = XCBuildConfiguration;
			buildSettings = {
				ALWAYS_SEARCH_USER_PATHS = NO;
				ASSETCATALOG_COMPILER_GENERATE_SWIFT_ASSET_SYMBOL_EXTENSIONS = YES;
				CLANG_ANALYZER_NONNULL = YES;
				CLANG_ANALYZER_NUMBER_OBJECT_CONVERSION = YES_AGGRESSIVE;
				CLANG_CXX_LANGUAGE_STANDARD = "gnu++20";
				CLANG_ENABLE_MODULES = YES;
				CLANG_ENABLE_OBJC_ARC = YES;
				CLANG_ENABLE_OBJC_WEAK = YES;
				CLANG_WARN_BLOCK_CAPTURE_AUTORELEASING = YES;
				CLANG_WARN_BOOL_CONVERSION = YES;
				CLANG_WARN_COMMA = YES;
				CLANG_WARN_CONSTANT_CONVERSION = YES;
				CLANG_WARN_DEPRECATED_OBJC_IMPLEMENTATIONS = YES;
				CLANG_WARN_DIRECT_OBJC_ISA_USAGE = YES_ERROR;
				CLANG_WARN_DOCUMENTATION_COMMENTS = YES;
				CLANG_WARN_EMPTY_BODY = YES;
				CLANG_WARN_ENUM_CONVERSION = YES;
				CLANG_WARN_INFINITE_RECURSION = YES;
				CLANG_WARN_INT_CONVERSION = YES;
				CLANG_WARN_NON_LITERAL_NULL_CONVERSION = YES;
				CLANG_WARN_OBJC_IMPLICIT_RETAIN_SELF = YES;
				CLANG_WARN_OBJC_LITERAL_CONVERSION = YES;
				CLANG_WARN_OBJC_ROOT_CLASS = YES_ERROR;
				CLANG_WARN_QUOTED_INCLUDE_IN_FRAMEWORK_HEADER = YES;
				CLANG_WARN_RANGE_LOOP_ANALYSIS = YES;
				CLANG_WARN_STRICT_PROTOTYPES = YES;
				CLANG_WARN_SUSPICIOUS_MOVE = YES;
				CLANG_WARN_UNGUARDED_AVAILABILITY = YES_AGGRESSIVE;
				CLANG_WARN_UNREACHABLE_CODE = YES;
				CLANG_WARN__DUPLICATE_METHOD_MATCH = YES;
				COPY_PHASE_STRIP = NO;
				DEBUG_INFORMATION_FORMAT = dwarf;
				ENABLE_STRICT_OBJC_MSGSEND = YES;
				ENABLE_TESTABILITY = YES;
				ENABLE_USER_SCRIPT_SANDBOXING = YES;
				GCC_C_LANGUAGE_STANDARD = gnu17;
				GCC_DYNAMIC_NO_PIC = NO;
				GCC_NO_COMMON_BLOCKS = YES;
				GCC_OPTIMIZATION_LEVEL = 0;
				GCC_PREPROCESSOR_DEFINITIONS = (
					"DEBUG=1",
					"$(inherited)",
				);
				GCC_WARN_64_TO_32_BIT_CONVERSION = YES;
				GCC_WARN_ABOUT_RETURN_TYPE = YES_ERROR;
				GCC_WARN_UNDECLARED_SELECTOR = YES;
				GCC_WARN_UNINITIALIZED_AUTOS = YES_AGGRESSIVE;
				GCC_WARN_UNUSED_FUNCTION = YES;
				GCC_WARN_UNUSED_VARIABLE = YES;
				IPHONEOS_DEPLOYMENT_TARGET = 26.2;
				LOCALIZATION_PREFERS_STRING_CATALOGS = YES;
				MTL_ENABLE_DEBUG_INFO = INCLUDE_SOURCE;
				MTL_FAST_MATH = YES;
				ONLY_ACTIVE_ARCH = YES;
				SDKROOT = iphoneos;
				SWIFT_ACTIVE_COMPILATION_CONDITIONS = "DEBUG $(inherited)";
				SWIFT_OPTIMIZATION_LEVEL = "-Onone";
			};
			name = Debug;
		};
		119DC1F42F634D4400427E75 /* Release */ = {
			isa = XCBuildConfiguration;
			buildSettings = {
				ALWAYS_SEARCH_USER_PATHS = NO;
				ASSETCATALOG_COMPILER_GENERATE_SWIFT_ASSET_SYMBOL_EXTENSIONS = YES;
				CLANG_ANALYZER_NONNULL = YES;
				CLANG_ANALYZER_NUMBER_OBJECT_CONVERSION = YES_AGGRESSIVE;
				CLANG_CXX_LANGUAGE_STANDARD = "gnu++20";
				CLANG_ENABLE_MODULES = YES;
				CLANG_ENABLE_OBJC_ARC = YES;
				CLANG_ENABLE_OBJC_WEAK = YES;
				CLANG_WARN_BLOCK_CAPTURE_AUTORELEASING = YES;
				CLANG_WARN_BOOL_CONVERSION = YES;
				CLANG_WARN_COMMA = YES;
				CLANG_WARN_CONSTANT_CONVERSION = YES;
				CLANG_WARN_DEPRECATED_OBJC_IMPLEMENTATIONS = YES;
				CLANG_WARN_DIRECT_OBJC_ISA_USAGE = YES_ERROR;
				CLANG_WARN_DOCUMENTATION_COMMENTS = YES;
				CLANG_WARN_EMPTY_BODY = YES;
				CLANG_WARN_ENUM_CONVERSION = YES;
				CLANG_WARN_INFINITE_RECURSION = YES;
				CLANG_WARN_INT_CONVERSION = YES;
				CLANG_WARN_NON_LITERAL_NULL_CONVERSION = YES;
				CLANG_WARN_OBJC_IMPLICIT_RETAIN_SELF = YES;
				CLANG_WARN_OBJC_LITERAL_CONVERSION = YES;
				CLANG_WARN_OBJC_ROOT_CLASS = YES_ERROR;
				CLANG_WARN_QUOTED_INCLUDE_IN_FRAMEWORK_HEADER = YES;
				CLANG_WARN_RANGE_LOOP_ANALYSIS = YES;
				CLANG_WARN_STRICT_PROTOTYPES = YES;
				CLANG_WARN_SUSPICIOUS_MOVE = YES;
				CLANG_WARN_UNGUARDED_AVAILABILITY = YES_AGGRESSIVE;
				CLANG_WARN_UNREACHABLE_CODE = YES;
				CLANG_WARN__DUPLICATE_METHOD_MATCH = YES;
				COPY_PHASE_STRIP = NO;
				DEBUG_INFORMATION_FORMAT = "dwarf-with-dsym";
				ENABLE_NS_ASSERTIONS = NO;
				ENABLE_STRICT_OBJC_MSGSEND = YES;
				ENABLE_USER_SCRIPT_SANDBOXING = YES;
				GCC_C_LANGUAGE_STANDARD = gnu17;
				GCC_NO_COMMON_BLOCKS = YES;
				GCC_WARN_64_TO_32_BIT_CONVERSION = YES;
				GCC_WARN_ABOUT_RETURN_TYPE = YES_ERROR;
				GCC_WARN_UNDECLARED_SELECTOR = YES;
				GCC_WARN_UNINITIALIZED_AUTOS = YES_AGGRESSIVE;
				GCC_WARN_UNUSED_FUNCTION = YES;
				GCC_WARN_UNUSED_VARIABLE = YES;
				IPHONEOS_DEPLOYMENT_TARGET = 26.2;
				LOCALIZATION_PREFERS_STRING_CATALOGS = YES;
				MTL_ENABLE_DEBUG_INFO = NO;
				MTL_FAST_MATH = YES;
				SDKROOT = iphoneos;
				SWIFT_COMPILATION_MODE = wholemodule;
				VALIDATE_PRODUCT = YES;
			};
			name = Release;
		};
		119DC1F62F634D4400427E75 /* Debug */ = {
			isa = XCBuildConfiguration;
			buildSettings = {
				ASSETCATALOG_COMPILER_APPICON_NAME = AppIcon;
				ASSETCATALOG_COMPILER_GLOBAL_ACCENT_COLOR_NAME = AccentColor;
				CODE_SIGN_ENTITLEMENTS = "Step Tracker/Step Tracker.entitlements";
				CODE_SIGN_STYLE = Automatic;
				CURRENT_PROJECT_VERSION = 1;
				ENABLE_PREVIEWS = YES;
				GENERATE_INFOPLIST_FILE = YES;
				INFOPLIST_KEY_NSHealthShareUsageDescription = "The app shows your step and weight data in an interactive chart. ";
				INFOPLIST_KEY_NSHealthUpdateUsageDescription = "The app allows you to add step and weight data to Apple Health.";
				INFOPLIST_KEY_UIApplicationSceneManifest_Generation = YES;
				INFOPLIST_KEY_UIApplicationSupportsIndirectInputEvents = YES;
				INFOPLIST_KEY_UILaunchScreen_Generation = YES;
				INFOPLIST_KEY_UISupportedInterfaceOrientations_iPad = "UIInterfaceOrientationPortrait UIInterfaceOrientationPortraitUpsideDown UIInterfaceOrientationLandscapeLeft UIInterfaceOrientationLandscapeRight";
				INFOPLIST_KEY_UISupportedInterfaceOrientations_iPhone = "UIInterfaceOrientationPortrait UIInterfaceOrientationLandscapeLeft UIInterfaceOrientationLandscapeRight";
				LD_RUNPATH_SEARCH_PATHS = (
					"$(inherited)",
					"@executable_path/Frameworks",
				);
				MARKETING_VERSION = 1.0;
				PRODUCT_BUNDLE_IDENTIFIER = "com.Beverly-Byrne.Step-Tracker";
				PRODUCT_NAME = "$(TARGET_NAME)";
				STRING_CATALOG_GENERATE_SYMBOLS = YES;
				SWIFT_APPROACHABLE_CONCURRENCY = YES;
				SWIFT_DEFAULT_ACTOR_ISOLATION = MainActor;
				SWIFT_EMIT_LOC_STRINGS = YES;
				SWIFT_UPCOMING_FEATURE_MEMBER_IMPORT_VISIBILITY = YES;
				SWIFT_VERSION = 5.0;
				TARGETED_DEVICE_FAMILY = "1,2";
			};
			name = Debug;
		};
		119DC1F72F634D4400427E75 /* Release */ = {
			isa = XCBuildConfiguration;
			buildSettings = {
				ASSETCATALOG_COMPILER_APPICON_NAME = AppIcon;
				ASSETCATALOG_COMPILER_GLOBAL_ACCENT_COLOR_NAME = AccentColor;
				CODE_SIGN_ENTITLEMENTS = "Step Tracker/Step Tracker.entitlements";
				CODE_SIGN_STYLE = Automatic;
				CURRENT_PROJECT_VERSION = 1;
				ENABLE_PREVIEWS = YES;
				GENERATE_INFOPLIST_FILE = YES;
				INFOPLIST_KEY_NSHealthShareUsageDescription = "The app shows your step and weight data in an interactive chart. ";
				INFOPLIST_KEY_NSHealthUpdateUsageDescription = "The app allows you to add step and weight data to Apple Health.";
				INFOPLIST_KEY_UIApplicationSceneManifest_Generation = YES;
				INFOPLIST_KEY_UIApplicationSupportsIndirectInputEvents = YES;
				INFOPLIST_KEY_UILaunchScreen_Generation = YES;
				INFOPLIST_KEY_UISupportedInterfaceOrientations_iPad = "UIInterfaceOrientationPortrait UIInterfaceOrientationPortraitUpsideDown UIInterfaceOrientationLandscapeLeft UIInterfaceOrientationLandscapeRight";
				INFOPLIST_KEY_UISupportedInterfaceOrientations_iPhone = "UIInterfaceOrientationPortrait UIInterfaceOrientationLandscapeLeft UIInterfaceOrientationLandscapeRight";
				LD_RUNPATH_SEARCH_PATHS = (
					"$(inherited)",
					"@executable_path/Frameworks",
				);
				MARKETING_VERSION = 1.0;
				PRODUCT_BUNDLE_IDENTIFIER = "com.Beverly-Byrne.Step-Tracker";
				PRODUCT_NAME = "$(TARGET_NAME)";
				STRING_CATALOG_GENERATE_SYMBOLS = YES;
				SWIFT_APPROACHABLE_CONCURRENCY = YES;
				SWIFT_DEFAULT_ACTOR_ISOLATION = MainActor;
				SWIFT_EMIT_LOC_STRINGS = YES;
				SWIFT_UPCOMING_FEATURE_MEMBER_IMPORT_VISIBILITY = YES;
				SWIFT_VERSION = 5.0;
				TARGETED_DEVICE_FAMILY = "1,2";
			};
			name = Release;
		};
		119DC1F92F634D4400427E75 /* Debug */ = {
			isa = XCBuildConfiguration;
			buildSettings = {
				BUNDLE_LOADER = "$(TEST_HOST)";
				CODE_SIGN_STYLE = Automatic;
				CURRENT_PROJECT_VERSION = 1;
				GENERATE_INFOPLIST_FILE = YES;
				IPHONEOS_DEPLOYMENT_TARGET = 26.2;
				MARKETING_VERSION = 1.0;
				PRODUCT_BUNDLE_IDENTIFIER = "com.Beverly-Byrne.Step-TrackerTests";
				PRODUCT_NAME = "$(TARGET_NAME)";
				STRING_CATALOG_GENERATE_SYMBOLS = NO;
				SWIFT_APPROACHABLE_CONCURRENCY = YES;
				SWIFT_EMIT_LOC_STRINGS = NO;
				SWIFT_UPCOMING_FEATURE_MEMBER_IMPORT_VISIBILITY = YES;
				SWIFT_VERSION = 5.0;
				TARGETED_DEVICE_FAMILY = "1,2";
				TEST_HOST = "$(BUILT_PRODUCTS_DIR)/Step Tracker.app/$(BUNDLE_EXECUTABLE_FOLDER_PATH)/Step Tracker";
			};
			name = Debug;
		};
		119DC1FA2F634D4400427E75 /* Release */ = {
			isa = XCBuildConfiguration;
			buildSettings = {
				BUNDLE_LOADER = "$(TEST_HOST)";
				CODE_SIGN_STYLE = Automatic;
				CURRENT_PROJECT_VERSION = 1;
				GENERATE_INFOPLIST_FILE = YES;
				IPHONEOS_DEPLOYMENT_TARGET = 26.2;
				MARKETING_VERSION = 1.0;
				PRODUCT_BUNDLE_IDENTIFIER = "com.Beverly-Byrne.Step-TrackerTests";
				PRODUCT_NAME = "$(TARGET_NAME)";
				STRING_CATALOG_GENERATE_SYMBOLS = NO;
				SWIFT_APPROACHABLE_CONCURRENCY = YES;
				SWIFT_EMIT_LOC_STRINGS = NO;
				SWIFT_UPCOMING_FEATURE_MEMBER_IMPORT_VISIBILITY = YES;
				SWIFT_VERSION = 5.0;
				TARGETED_DEVICE_FAMILY = "1,2";
				TEST_HOST = "$(BUILT_PRODUCTS_DIR)/Step Tracker.app/$(BUNDLE_EXECUTABLE_FOLDER_PATH)/Step Tracker";
			};
			name = Release;
		};
		119DC1FC2F634D4400427E75 /* Debug */ = {
			isa = XCBuildConfiguration;
			buildSettings = {
				CODE_SIGN_STYLE = Automatic;
				CURRENT_PROJECT_VERSION = 1;
				GENERATE_INFOPLIST_FILE = YES;
				MARKETING_VERSION = 1.0;
				PRODUCT_BUNDLE_IDENTIFIER = "com.Beverly-Byrne.Step-TrackerUITests";
				PRODUCT_NAME = "$(TARGET_NAME)";
				STRING_CATALOG_GENERATE_SYMBOLS = NO;
				SWIFT_APPROACHABLE_CONCURRENCY = YES;
				SWIFT_EMIT_LOC_STRINGS = NO;
				SWIFT_UPCOMING_FEATURE_MEMBER_IMPORT_VISIBILITY = YES;
				SWIFT_VERSION = 5.0;
				TARGETED_DEVICE_FAMILY = "1,2";
				TEST_TARGET_NAME = "Step Tracker";
			};
			name = Debug;
		};
		119DC1FD2F634D4400427E75 /* Release */ = {
			isa = XCBuildConfiguration;
			buildSettings = {
				CODE_SIGN_STYLE = Automatic;
				CURRENT_PROJECT_VERSION = 1;
				GENERATE_INFOPLIST_FILE = YES;
				MARKETING_VERSION = 1.0;
				PRODUCT_BUNDLE_IDENTIFIER = "com.Beverly-Byrne.Step-TrackerUITests";
				PRODUCT_NAME = "$(TARGET_NAME)";
				STRING_CATALOG_GENERATE_SYMBOLS = NO;
				SWIFT_APPROACHABLE_CONCURRENCY = YES;
				SWIFT_EMIT_LOC_STRINGS = NO;
				SWIFT_UPCOMING_FEATURE_MEMBER_IMPORT_VISIBILITY = YES;
				SWIFT_VERSION = 5.0;
				TARGETED_DEVICE_FAMILY = "1,2";
				TEST_TARGET_NAME = "Step Tracker";
			};
			name = Release;
		};
/* End XCBuildConfiguration section */

/* Begin XCConfigurationList section */
		119DC1CF2F634D4200427E75 /* Build configuration list for PBXProject "Step Tracker" */ = {
			isa = XCConfigurationList;
			buildConfigurations = (
				119DC1F32F634D4400427E75 /* Debug */,
				119DC1F42F634D4400427E75 /* Release */,
			);
			defaultConfigurationIsVisible = 0;
			defaultConfigurationName = Release;
		};
		119DC1F52F634D4400427E75 /* Build configuration list for PBXNativeTarget "Step Tracker" */ = {
			isa = XCConfigurationList;
			buildConfigurations = (
				119DC1F62F634D4400427E75 /* Debug */,
				119DC1F72F634D4400427E75 /* Release */,
			);
			defaultConfigurationIsVisible = 0;
			defaultConfigurationName = Release;
		};
		119DC1F82F634D4400427E75 /* Build configuration list for PBXNativeTarget "Step TrackerTests" */ = {
			isa = XCConfigurationList;
			buildConfigurations = (
				119DC1F92F634D4400427E75 /* Debug */,
				119DC1FA2F634D4400427E75 /* Release */,
			);
			defaultConfigurationIsVisible = 0;
			defaultConfigurationName = Release;
		};
		119DC1FB2F634D4400427E75 /* Build configuration list for PBXNativeTarget "Step TrackerUITests" */ = {
			isa = XCConfigurationList;
			buildConfigurations = (
				119DC1FC2F634D4400427E75 /* Debug */,
				119DC1FD2F634D4400427E75 /* Release */,
			);
			defaultConfigurationIsVisible = 0;
			defaultConfigurationName = Release;
		};
/* End XCConfigurationList section */

/* Begin XCRemoteSwiftPackageReference section */
		11BA8AD92F9ADF14005953F0 /* XCRemoteSwiftPackageReference "swift-algorithms" */ = {
			isa = XCRemoteSwiftPackageReference;
			repositoryURL = "https://github.com/apple/swift-algorithms.git";
			requirement = {
				kind = upToNextMajorVersion;
				minimumVersion = 1.2.1;
			};
		};
/* End XCRemoteSwiftPackageReference section */

/* Begin XCSwiftPackageProductDependency section */
		11BA8ADA2F9ADF14005953F0 /* Algorithms */ = {
			isa = XCSwiftPackageProductDependency;
			package = 11BA8AD92F9ADF14005953F0 /* XCRemoteSwiftPackageReference "swift-algorithms" */;
			productName = Algorithms;
		};
/* End XCSwiftPackageProductDependency section */
	};
	rootObject = 119DC1CC2F634D4200427E75 /* Project object */;
}
